
Microsoft Visual Studio Solution File, Format Version 12.00
# Visual Studio Version 17
VisualStudioVersion = 17.14.36408.4 d17.14
MinimumVisualStudioVersion = 10.0.40219.1
Project("{FAE04EC0-301F-11D3-BF4B-00C04F79EFBC}") = "BankingSystem", "BankingSystem\BankingSystem.csproj", "{958AA0DE-0D32-4EB7-A252-594234A7103D}"
EndProject
Global
	GlobalSection(SolutionConfigurationPlatforms) = preSolution
		Debug|Any CPU = Debug|Any CPU
		Release|Any CPU = Release|Any CPU
	EndGlobalSection
	GlobalSection(ProjectConfigurationPlatforms) = postSolution
		{958AA0DE-0D32-4EB7-A252-594234A7103D}.Debug|Any CPU.ActiveCfg = Debug|Any CPU
		{958AA0DE-0D32-4EB7-A252-594234A7103D}.Debug|Any CPU.Build.0 = Debug|Any CPU
		{958AA0DE-0D32-4EB7-A252-594234A7103D}.Release|Any CPU.ActiveCfg = Release|Any CPU
		{958AA0DE-0D32-4EB7-A252-594234A7103D}.Release|Any CPU.Build.0 = Release|Any CPU
	EndGlobalSection
	GlobalSection(SolutionProperties) = preSolution
		HideSolutionNode = FALSE
	EndGlobalSection
	GlobalSection(ExtensibilityGlobals) = postSolution
		SolutionGuid = {27929479-A74C-43DD-AFA3-71614E542711}
	EndGlobalSection
EndGlobal
